
Microsoft Visual Studio Solution File, Format Version 12.00
# Visual Studio Version 16
VisualStudioVersion = 16.0.30523.141
MinimumVisualStudioVersion = 10.0.40219.1
Project("{FAE04EC0-301F-11D3-BF4B-00C04F79EFBC}") = "The Cashier", "The Cashier.csproj", "{62F9F646-A68D-4465-A1C3-771F9B129456}"
EndProject
Global
	GlobalSection(SolutionConfigurationPlatforms) = preSolution
		Debug|Any CPU = Debug|Any CPU
		Release|Any CPU = Release|Any CPU
	EndGlobalSection
	GlobalSection(ProjectConfigurationPlatforms) = postSolution
		{62F9F646-A68D-4465-A1C3-771F9B129456}.Debug|Any CPU.ActiveCfg = Debug|Any CPU
		{62F9F646-A68D-4465-A1C3-771F9B129456}.Debug|Any CPU.Build.0 = Debug|Any CPU
		{62F9F646-A68D-4465-A1C3-771F9B129456}.Release|Any CPU.ActiveCfg = Release|Any CPU
		{62F9F646-A68D-4465-A1C3-771F9B129456}.Release|Any CPU.Build.0 = Release|Any CPU
	EndGlobalSection
	GlobalSection(SolutionProperties) = preSolution
		HideSolutionNode = FALSE
	EndGlobalSection
	GlobalSection(ExtensibilityGlobals) = postSolution
		SolutionGuid = {4DF6A7E1-1788-4390-9824-7696B082C018}
	EndGlobalSection
EndGlobal
